
Microsoft Visual Studio Solution File, Format Version 12.00
# Visual Studio Version 17
VisualStudioVersion = 17.0.31903.59
MinimumVisualStudioVersion = 10.0.40219.1
Project("{FAE04EC0-301F-11D3-BF4B-00C04F79EFBC}") = "ListupVirtualDesktops", "ListupVirtualDesktops\ListupVirtualDesktops.csproj", "{EFA5C0E3-2971-4EE5-B463-C70E0F121B18}"
EndProject
Project("{2150E333-8FDC-42A3-9474-1A3956D46DE8}") = "lib", "lib", "{BE0FAD55-2216-4753-AAD9-E233F79A7CE4}"
EndProject
Project("{2150E333-8FDC-42A3-9474-1A3956D46DE8}") = "VirtualDesktop", "VirtualDesktop", "{CA826BF2-F91A-43E3-B12C-1C03AB04DB51}"
EndProject
Project("{2150E333-8FDC-42A3-9474-1A3956D46DE8}") = "src", "src", "{3D4D2946-A1C5-411D-8FFF-14CD8D8CE0EB}"
EndProject
Project("{FAE04EC0-301F-11D3-BF4B-00C04F79EFBC}") = "VirtualDesktop", "lib\VirtualDesktop\src\VirtualDesktop\VirtualDesktop.csproj", "{9FC49C06-FB61-4FBF-9370-786010CAD73F}"
EndProject
Global
	GlobalSection(SolutionConfigurationPlatforms) = preSolution
		Debug|Any CPU = Debug|Any CPU
		Release|Any CPU = Release|Any CPU
	EndGlobalSection
	GlobalSection(SolutionProperties) = preSolution
		HideSolutionNode = FALSE
	EndGlobalSection
	GlobalSection(ProjectConfigurationPlatforms) = postSolution
		{EFA5C0E3-2971-4EE5-B463-C70E0F121B18}.Debug|Any CPU.ActiveCfg = Debug|Any CPU
		{EFA5C0E3-2971-4EE5-B463-C70E0F121B18}.Debug|Any CPU.Build.0 = Debug|Any CPU
		{EFA5C0E3-2971-4EE5-B463-C70E0F121B18}.Release|Any CPU.ActiveCfg = Release|Any CPU
		{EFA5C0E3-2971-4EE5-B463-C70E0F121B18}.Release|Any CPU.Build.0 = Release|Any CPU
		{9FC49C06-FB61-4FBF-9370-786010CAD73F}.Debug|Any CPU.ActiveCfg = Debug|Any CPU
		{9FC49C06-FB61-4FBF-9370-786010CAD73F}.Debug|Any CPU.Build.0 = Debug|Any CPU
		{9FC49C06-FB61-4FBF-9370-786010CAD73F}.Release|Any CPU.ActiveCfg = Release|Any CPU
		{9FC49C06-FB61-4FBF-9370-786010CAD73F}.Release|Any CPU.Build.0 = Release|Any CPU
	EndGlobalSection
	GlobalSection(NestedProjects) = preSolution
		{CA826BF2-F91A-43E3-B12C-1C03AB04DB51} = {BE0FAD55-2216-4753-AAD9-E233F79A7CE4}
		{3D4D2946-A1C5-411D-8FFF-14CD8D8CE0EB} = {CA826BF2-F91A-43E3-B12C-1C03AB04DB51}
		{9FC49C06-FB61-4FBF-9370-786010CAD73F} = {3D4D2946-A1C5-411D-8FFF-14CD8D8CE0EB}
	EndGlobalSection
EndGlobal
